
Microsoft Visual Studio Solution File, Format Version 12.00
# Visual Studio Version 16
VisualStudioVersion = 16.0.810.5
MinimumVisualStudioVersion = 10.0.40219.1
Project("{FAE04EC0-301F-11D3-BF4B-00C04F79EFBC}") = "git-studio-test", "git-studio-test\git-studio-test.csproj", "{DC35A833-C82F-4BBA-908C-CFF608379DB0}"
EndProject
Global
	GlobalSection(SolutionConfigurationPlatforms) = preSolution
		Debug|Any CPU = Debug|Any CPU
		Release|Any CPU = Release|Any CPU
	EndGlobalSection
	GlobalSection(ProjectConfigurationPlatforms) = postSolution
		{DC35A833-C82F-4BBA-908C-CFF608379DB0}.Debug|Any CPU.ActiveCfg = Debug|Any CPU
		{DC35A833-C82F-4BBA-908C-CFF608379DB0}.Debug|Any CPU.Build.0 = Debug|Any CPU
		{DC35A833-C82F-4BBA-908C-CFF608379DB0}.Release|Any CPU.ActiveCfg = Release|Any CPU
		{DC35A833-C82F-4BBA-908C-CFF608379DB0}.Release|Any CPU.Build.0 = Release|Any CPU
	EndGlobalSection
	GlobalSection(SolutionProperties) = preSolution
		HideSolutionNode = FALSE
	EndGlobalSection
	GlobalSection(ExtensibilityGlobals) = postSolution
		SolutionGuid = {00F65057-7F4D-4EBF-A0D7-79DB3A58A5B3}
	EndGlobalSection
EndGlobal
